
Microsoft Visual Studio Solution File, Format Version 12.00
# Visual Studio Version 16
VisualStudioVersion = 16.0.29411.108
MinimumVisualStudioVersion = 10.0.40219.1
Project("{FAE04EC0-301F-11D3-BF4B-00C04F79EFBC}") = "Waffenschmidt.AuthZ.Resolver", "Waffenschmidt.AuthZ.Resolver.csproj", "{76BB3EE7-3D49-42E6-807B-E8DDE6A12A60}"
EndProject
Global
	GlobalSection(SolutionConfigurationPlatforms) = preSolution
		Debug|Any CPU = Debug|Any CPU
		Release|Any CPU = Release|Any CPU
	EndGlobalSection
	GlobalSection(ProjectConfigurationPlatforms) = postSolution
		{76BB3EE7-3D49-42E6-807B-E8DDE6A12A60}.Debug|Any CPU.ActiveCfg = Debug|Any CPU
		{76BB3EE7-3D49-42E6-807B-E8DDE6A12A60}.Debug|Any CPU.Build.0 = Debug|Any CPU
		{76BB3EE7-3D49-42E6-807B-E8DDE6A12A60}.Release|Any CPU.ActiveCfg = Release|Any CPU
		{76BB3EE7-3D49-42E6-807B-E8DDE6A12A60}.Release|Any CPU.Build.0 = Release|Any CPU
	EndGlobalSection
	GlobalSection(SolutionProperties) = preSolution
		HideSolutionNode = FALSE
	EndGlobalSection
	GlobalSection(ExtensibilityGlobals) = postSolution
		SolutionGuid = {001C14F6-D0BB-4373-8C6F-71270B7FF5A4}
	EndGlobalSection
EndGlobal
